
Microsoft Visual Studio Solution File, Format Version 12.00
# Visual Studio 2013
VisualStudioVersion = 12.0.31101.0
MinimumVisualStudioVersion = 10.0.40219.1
Project("{FAE04EC0-301F-11D3-BF4B-00C04F79EFBC}") = "LogCuentasCSV", "LogCuentasCSV\LogCuentasCSV.csproj", "{EC11105D-979B-4FB2-8EDE-75F2E11DFCD2}"
EndProject
Project("{FAE04EC0-301F-11D3-BF4B-00C04F79EFBC}") = "ScriptQuitarCuentas", "ScriptQuitarCuentas\ScriptQuitarCuentas.csproj", "{47168BC5-D577-4ED4-823B-5A8EDC1B176F}"
EndProject
Project("{6141683F-8A12-4E36-9623-2EB02B2C2303}") = "Setup", "Setup\Setup.isproj", "{FCC168A0-DE1D-4739-BFE4-A32D9DD02020}"
EndProject
Project("{FAE04EC0-301F-11D3-BF4B-00C04F79EFBC}") = "MonitorMaquinasVirtuales", "MonitorMaquinasVirtuales\MonitorMaquinasVirtuales.csproj", "{FA298C59-0E92-4680-9DA0-5E809ED891BF}"
EndProject
Global
	GlobalSection(TeamFoundationVersionControl) = preSolution
		SccNumberOfProjects = 4
		SccEnterpriseProvider = {4CA58AB2-18FA-4F8D-95D4-32DDF27D184C}
		SccTeamFoundationServer = https://oscartnb.visualstudio.com/defaultcollection
		SccLocalPath0 = .
		SccProjectUniqueName1 = LogCuentasCSV\\LogCuentasCSV.csproj
		SccProjectName1 = LogCuentasCSV
		SccLocalPath1 = LogCuentasCSV
		SccProjectUniqueName2 = ScriptQuitarCuentas\\ScriptQuitarCuentas.csproj
		SccProjectName2 = ScriptQuitarCuentas
		SccLocalPath2 = ScriptQuitarCuentas
		SccProjectUniqueName3 = MonitorMaquinasVirtuales\\MonitorMaquinasVirtuales.csproj
		SccProjectName3 = MonitorMaquinasVirtuales
		SccLocalPath3 = MonitorMaquinasVirtuales
	EndGlobalSection
	GlobalSection(SolutionConfigurationPlatforms) = preSolution
		CD_ROM|Any CPU = CD_ROM|Any CPU
		Debug|Any CPU = Debug|Any CPU
		DVD-5|Any CPU = DVD-5|Any CPU
		Release|Any CPU = Release|Any CPU
		SingleImage|Any CPU = SingleImage|Any CPU
	EndGlobalSection
	GlobalSection(ProjectConfigurationPlatforms) = postSolution
		{EC11105D-979B-4FB2-8EDE-75F2E11DFCD2}.CD_ROM|Any CPU.ActiveCfg = Release|Any CPU
		{EC11105D-979B-4FB2-8EDE-75F2E11DFCD2}.CD_ROM|Any CPU.Build.0 = Release|Any CPU
		{EC11105D-979B-4FB2-8EDE-75F2E11DFCD2}.Debug|Any CPU.ActiveCfg = Debug|Any CPU
		{EC11105D-979B-4FB2-8EDE-75F2E11DFCD2}.Debug|Any CPU.Build.0 = Debug|Any CPU
		{EC11105D-979B-4FB2-8EDE-75F2E11DFCD2}.DVD-5|Any CPU.ActiveCfg = Debug|Any CPU
		{EC11105D-979B-4FB2-8EDE-75F2E11DFCD2}.DVD-5|Any CPU.Build.0 = Debug|Any CPU
		{EC11105D-979B-4FB2-8EDE-75F2E11DFCD2}.Release|Any CPU.ActiveCfg = Release|Any CPU
		{EC11105D-979B-4FB2-8EDE-75F2E11DFCD2}.Release|Any CPU.Build.0 = Release|Any CPU
		{EC11105D-979B-4FB2-8EDE-75F2E11DFCD2}.SingleImage|Any CPU.ActiveCfg = Release|Any CPU
		{EC11105D-979B-4FB2-8EDE-75F2E11DFCD2}.SingleImage|Any CPU.Build.0 = Release|Any CPU
		{47168BC5-D577-4ED4-823B-5A8EDC1B176F}.CD_ROM|Any CPU.ActiveCfg = Release|Any CPU
		{47168BC5-D577-4ED4-823B-5A8EDC1B176F}.CD_ROM|Any CPU.Build.0 = Release|Any CPU
		{47168BC5-D577-4ED4-823B-5A8EDC1B176F}.Debug|Any CPU.ActiveCfg = Debug|Any CPU
		{47168BC5-D577-4ED4-823B-5A8EDC1B176F}.Debug|Any CPU.Build.0 = Debug|Any CPU
		{47168BC5-D577-4ED4-823B-5A8EDC1B176F}.DVD-5|Any CPU.ActiveCfg = Debug|Any CPU
		{47168BC5-D577-4ED4-823B-5A8EDC1B176F}.DVD-5|Any CPU.Build.0 = Debug|Any CPU
		{47168BC5-D577-4ED4-823B-5A8EDC1B176F}.Release|Any CPU.ActiveCfg = Release|Any CPU
		{47168BC5-D577-4ED4-823B-5A8EDC1B176F}.Release|Any CPU.Build.0 = Release|Any CPU
		{47168BC5-D577-4ED4-823B-5A8EDC1B176F}.SingleImage|Any CPU.ActiveCfg = Release|Any CPU
		{47168BC5-D577-4ED4-823B-5A8EDC1B176F}.SingleImage|Any CPU.Build.0 = Release|Any CPU
		{FCC168A0-DE1D-4739-BFE4-A32D9DD02020}.CD_ROM|Any CPU.ActiveCfg = CD_ROM
		{FCC168A0-DE1D-4739-BFE4-A32D9DD02020}.CD_ROM|Any CPU.Build.0 = CD_ROM
		{FCC168A0-DE1D-4739-BFE4-A32D9DD02020}.Debug|Any CPU.ActiveCfg = DVD-5
		{FCC168A0-DE1D-4739-BFE4-A32D9DD02020}.Debug|Any CPU.Build.0 = DVD-5
		{FCC168A0-DE1D-4739-BFE4-A32D9DD02020}.DVD-5|Any CPU.ActiveCfg = DVD-5
		{FCC168A0-DE1D-4739-BFE4-A32D9DD02020}.DVD-5|Any CPU.Build.0 = DVD-5
		{FCC168A0-DE1D-4739-BFE4-A32D9DD02020}.Release|Any CPU.ActiveCfg = SingleImage
		{FCC168A0-DE1D-4739-BFE4-A32D9DD02020}.Release|Any CPU.Build.0 = SingleImage
		{FCC168A0-DE1D-4739-BFE4-A32D9DD02020}.SingleImage|Any CPU.ActiveCfg = SingleImage
		{FCC168A0-DE1D-4739-BFE4-A32D9DD02020}.SingleImage|Any CPU.Build.0 = SingleImage
		{FA298C59-0E92-4680-9DA0-5E809ED891BF}.CD_ROM|Any CPU.ActiveCfg = Release|Any CPU
		{FA298C59-0E92-4680-9DA0-5E809ED891BF}.CD_ROM|Any CPU.Build.0 = Release|Any CPU
		{FA298C59-0E92-4680-9DA0-5E809ED891BF}.Debug|Any CPU.ActiveCfg = Debug|Any CPU
		{FA298C59-0E92-4680-9DA0-5E809ED891BF}.Debug|Any CPU.Build.0 = Debug|Any CPU
		{FA298C59-0E92-4680-9DA0-5E809ED891BF}.DVD-5|Any CPU.ActiveCfg = Debug|Any CPU
		{FA298C59-0E92-4680-9DA0-5E809ED891BF}.DVD-5|Any CPU.Build.0 = Debug|Any CPU
		{FA298C59-0E92-4680-9DA0-5E809ED891BF}.Release|Any CPU.ActiveCfg = Release|Any CPU
		{FA298C59-0E92-4680-9DA0-5E809ED891BF}.Release|Any CPU.Build.0 = Release|Any CPU
		{FA298C59-0E92-4680-9DA0-5E809ED891BF}.SingleImage|Any CPU.ActiveCfg = Release|Any CPU
		{FA298C59-0E92-4680-9DA0-5E809ED891BF}.SingleImage|Any CPU.Build.0 = Release|Any CPU
	EndGlobalSection
	GlobalSection(SolutionProperties) = preSolution
		HideSolutionNode = FALSE
	EndGlobalSection
EndGlobal
